
Microsoft Visual Studio Solution File, Format Version 12.00
Project("{FAE04EC0-301F-11D3-BF4B-00C04F79EFBC}") = "WeatherForecast", "WeatherForecast\WeatherForecast.csproj", "{BD44D31B-0410-4A82-AAE2-5D1BFC8C7F19}"
EndProject
Project("{FAE04EC0-301F-11D3-BF4B-00C04F79EFBC}") = "WeatherForecast.Tests", "WeatherForecast.Tests\WeatherForecast.Tests.csproj", "{8F891372-2947-4AA6-AB42-499938DB0BC3}"
EndProject
Global
	GlobalSection(SolutionConfigurationPlatforms) = preSolution
		Debug|Any CPU = Debug|Any CPU
		Debug|x64 = Debug|x64
		Debug|x86 = Debug|x86
		Release|Any CPU = Release|Any CPU
		Release|x64 = Release|x64
		Release|x86 = Release|x86
	EndGlobalSection
	GlobalSection(ProjectConfigurationPlatforms) = postSolution
		{BD44D31B-0410-4A82-AAE2-5D1BFC8C7F19}.Debug|Any CPU.ActiveCfg = Debug|Any CPU
		{BD44D31B-0410-4A82-AAE2-5D1BFC8C7F19}.Debug|Any CPU.Build.0 = Debug|Any CPU
		{BD44D31B-0410-4A82-AAE2-5D1BFC8C7F19}.Debug|x64.ActiveCfg = Debug|Any CPU
		{BD44D31B-0410-4A82-AAE2-5D1BFC8C7F19}.Debug|x64.Build.0 = Debug|Any CPU
		{BD44D31B-0410-4A82-AAE2-5D1BFC8C7F19}.Debug|x86.ActiveCfg = Debug|Any CPU
		{BD44D31B-0410-4A82-AAE2-5D1BFC8C7F19}.Debug|x86.Build.0 = Debug|Any CPU
		{BD44D31B-0410-4A82-AAE2-5D1BFC8C7F19}.Release|Any CPU.ActiveCfg = Release|Any CPU
		{BD44D31B-0410-4A82-AAE2-5D1BFC8C7F19}.Release|Any CPU.Build.0 = Release|Any CPU
		{BD44D31B-0410-4A82-AAE2-5D1BFC8C7F19}.Release|x64.ActiveCfg = Release|Any CPU
		{BD44D31B-0410-4A82-AAE2-5D1BFC8C7F19}.Release|x64.Build.0 = Release|Any CPU
		{BD44D31B-0410-4A82-AAE2-5D1BFC8C7F19}.Release|x86.ActiveCfg = Release|Any CPU
		{BD44D31B-0410-4A82-AAE2-5D1BFC8C7F19}.Release|x86.Build.0 = Release|Any CPU
		{8F891372-2947-4AA6-AB42-499938DB0BC3}.Debug|Any CPU.ActiveCfg = Debug|Any CPU
		{8F891372-2947-4AA6-AB42-499938DB0BC3}.Debug|Any CPU.Build.0 = Debug|Any CPU
		{8F891372-2947-4AA6-AB42-499938DB0BC3}.Debug|x64.ActiveCfg = Debug|Any CPU
		{8F891372-2947-4AA6-AB42-499938DB0BC3}.Debug|x64.Build.0 = Debug|Any CPU
		{8F891372-2947-4AA6-AB42-499938DB0BC3}.Debug|x86.ActiveCfg = Debug|Any CPU
		{8F891372-2947-4AA6-AB42-499938DB0BC3}.Debug|x86.Build.0 = Debug|Any CPU
		{8F891372-2947-4AA6-AB42-499938DB0BC3}.Release|Any CPU.ActiveCfg = Release|Any CPU
		{8F891372-2947-4AA6-AB42-499938DB0BC3}.Release|Any CPU.Build.0 = Release|Any CPU
		{8F891372-2947-4AA6-AB42-499938DB0BC3}.Release|x64.ActiveCfg = Release|Any CPU
		{8F891372-2947-4AA6-AB42-499938DB0BC3}.Release|x64.Build.0 = Release|Any CPU
		{8F891372-2947-4AA6-AB42-499938DB0BC3}.Release|x86.ActiveCfg = Release|Any CPU
		{8F891372-2947-4AA6-AB42-499938DB0BC3}.Release|x86.Build.0 = Release|Any CPU
	EndGlobalSection
	GlobalSection(SolutionProperties) = preSolution
		HideSolutionNode = FALSE
	EndGlobalSection
EndGlobal
